dependencies:
- name: druid
  repository: file://../druid
  version: 0.7.0
- name: druid-operator
  repository: https://charts.datainfra.io
  version: 0.3.9
- name: metrics-server
  repository: https://kubernetes-sigs.github.io/metrics-server
  version: 3.12.2
- name: minio
  repository: https://charts.bitnami.com/bitnami
  version: 16.0.8
- name: postgresql
  repository: https://charts.bitnami.com/bitnami
  version: 16.6.3
digest: sha256:bd8c9d762b618009d7a9cd6817d1f218034a64d52cbcc5b79e60ac6b8b8109c8
generated: "2025-04-23T19:12:51.818503+02:00"
