dependencies:
- name: druid
  repository: file://../druid
  version: 0.7.1
- name: druid-operator
  repository: https://charts.datainfra.io
  version: 0.3.9
- name: metrics-server
  repository: https://kubernetes-sigs.github.io/metrics-server
  version: 3.12.2
- name: minio
  repository: https://charts.bitnami.com/bitnami
  version: 16.0.8
- name: postgresql
  repository: https://charts.bitnami.com/bitnami
  version: 16.6.3
digest: sha256:d098b5c96fd2ce388f532066868e3795340dfe3cdaa0cf3f4e44a6b64eecfefa
generated: "2025-04-23T20:15:54.417601+02:00"
