dependencies:
- name: druid
  repository: file://../druid
  version: 0.7.0-alpha1
- name: druid-operator
  repository: https://charts.datainfra.io
  version: 0.3.9
- name: metrics-server
  repository: https://kubernetes-sigs.github.io/metrics-server
  version: 3.12.2
- name: minio
  repository: https://charts.bitnami.com/bitnami
  version: 16.0.7
- name: postgresql
  repository: https://charts.bitnami.com/bitnami
  version: 16.6.3
digest: sha256:c5044c7b2d32937cbd8c06b7bbf5697b28708702a504e4629b0807fa0fff8616
generated: "2025-04-22T20:36:24.942516+02:00"
